// !$*UTF8*$!
{
	archiveVersion = 1;
	classes = {
	};
	objectVersion = 55;
	objects = {

/* Begin PBXBuildFile section */
		B25F9D31288BDA0D0051C126 /* TransparentAccountsViewerApp.swift in Sources */ = {isa = PBXBuildFile; fileRef = B25F9D30288BDA0D0051C126 /* TransparentAccountsViewerApp.swift */; };
		B25F9D33288BDA0D0051C126 /* AccountListView.swift in Sources */ = {isa = PBXBuildFile; fileRef = B25F9D32288BDA0D0051C126 /* AccountListView.swift */; };
		B25F9D35288BDA0E0051C126 /* Assets.xcassets in Resources */ = {isa = PBXBuildFile; fileRef = B25F9D34288BDA0E0051C126 /* Assets.xcassets */; };
		B25F9D38288BDA0E0051C126 /* Preview Assets.xcassets in Resources */ = {isa = PBXBuildFile; fileRef = B25F9D37288BDA0E0051C126 /* Preview Assets.xcassets */; };
		B25F9D40288BE1FA0051C126 /* Accounts.swift in Sources */ = {isa = PBXBuildFile; fileRef = B25F9D3F288BE1FA0051C126 /* Accounts.swift */; };
		B25F9D42288BE2140051C126 /* Account.swift in Sources */ = {isa = PBXBuildFile; fileRef = B25F9D41288BE2140051C126 /* Account.swift */; };
		B25F9D44288BE44F0051C126 /* AccountViewModel.swift in Sources */ = {isa = PBXBuildFile; fileRef = B25F9D43288BE44F0051C126 /* AccountViewModel.swift */; };
		B2A68A55288C36750057C88F /* ServerStatusView.swift in Sources */ = {isa = PBXBuildFile; fileRef = B2A68A54288C36750057C88F /* ServerStatusView.swift */; };
		B2A68A58288C5F3F0057C88F /* AccountDetailView.swift in Sources */ = {isa = PBXBuildFile; fileRef = B2A68A57288C5F3F0057C88F /* AccountDetailView.swift */; };
		B2A68A5F288C6F490057C88F /* BaseViewModel.swift in Sources */ = {isa = PBXBuildFile; fileRef = B2A68A5E288C6F490057C88F /* BaseViewModel.swift */; };
		B2A68A61288C6FCC0057C88F /* AccountDetailViewModel.swift in Sources */ = {isa = PBXBuildFile; fileRef = B2A68A60288C6FCC0057C88F /* AccountDetailViewModel.swift */; };
		B2A68A63288C70160057C88F /* ServerUrls.swift in Sources */ = {isa = PBXBuildFile; fileRef = B2A68A62288C70160057C88F /* ServerUrls.swift */; };
/* End PBXBuildFile section */

/* Begin PBXFileReference section */
		B25F9D2D288BDA0D0051C126 /* TransparentAccountsViewer.app */ = {isa = PBXFileReference; explicitFileType = wrapper.application; includeInIndex = 0; path = TransparentAccountsViewer.app; sourceTree = BUILT_PRODUCTS_DIR; };
		B25F9D30288BDA0D0051C126 /* TransparentAccountsViewerApp.swift */ = {isa = PBXFileReference; lastKnownFileType = sourcecode.swift; path = TransparentAccountsViewerApp.swift; sourceTree = "<group>"; };
		B25F9D32288BDA0D0051C126 /* AccountListView.swift */ = {isa = PBXFileReference; lastKnownFileType = sourcecode.swift; path = AccountListView.swift; sourceTree = "<group>"; };
		B25F9D34288BDA0E0051C126 /* Assets.xcassets */ = {isa = PBXFileReference; lastKnownFileType = folder.assetcatalog; path = Assets.xcassets; sourceTree = "<group>"; };
		B25F9D37288BDA0E0051C126 /* Preview Assets.xcassets */ = {isa = PBXFileReference; lastKnownFileType = folder.assetcatalog; path = "Preview Assets.xcassets"; sourceTree = "<group>"; };
		B25F9D3F288BE1FA0051C126 /* Accounts.swift */ = {isa = PBXFileReference; lastKnownFileType = sourcecode.swift; path = Accounts.swift; sourceTree = "<group>"; };
		B25F9D41288BE2140051C126 /* Account.swift */ = {isa = PBXFileReference; lastKnownFileType = sourcecode.swift; path = Account.swift; sourceTree = "<group>"; };
		B25F9D43288BE44F0051C126 /* AccountViewModel.swift */ = {isa = PBXFileReference; lastKnownFileType = sourcecode.swift; path = AccountViewModel.swift; sourceTree = "<group>"; };
		B2A68A54288C36750057C88F /* ServerStatusView.swift */ = {isa = PBXFileReference; lastKnownFileType = sourcecode.swift; path = ServerStatusView.swift; sourceTree = "<group>"; };
		B2A68A57288C5F3F0057C88F /* AccountDetailView.swift */ = {isa = PBXFileReference; lastKnownFileType = sourcecode.swift; path = AccountDetailView.swift; sourceTree = "<group>"; };
		B2A68A5E288C6F490057C88F /* BaseViewModel.swift */ = {isa = PBXFileReference; lastKnownFileType = sourcecode.swift; path = BaseViewModel.swift; sourceTree = "<group>"; };
		B2A68A60288C6FCC0057C88F /* AccountDetailViewModel.swift */ = {isa = PBXFileReference; lastKnownFileType = sourcecode.swift; path = AccountDetailViewModel.swift; sourceTree = "<group>"; };
		B2A68A62288C70160057C88F /* ServerUrls.swift */ = {isa = PBXFileReference; lastKnownFileType = sourcecode.swift; path = ServerUrls.swift; sourceTree = "<group>"; };
/* End PBXFileReference section */

/* Begin PBXFrameworksBuildPhase section */
		B25F9D2A288BDA0D0051C126 /* Frameworks */ = {
			isa = PBXFrameworksBuildPhase;
			buildActionMask = 2147483647;
			files = (
			);
			runOnlyForDeploymentPostprocessing = 0;
		};
/* End PBXFrameworksBuildPhase section */

/* Begin PBXGroup section */
		B25F9D24288BDA0C0051C126 = {
			isa = PBXGroup;
			children = (
				B25F9D2F288BDA0D0051C126 /* TransparentAccountsViewer */,
				B25F9D2E288BDA0D0051C126 /* Products */,
			);
			sourceTree = "<group>";
		};
		B25F9D2E288BDA0D0051C126 /* Products */ = {
			isa = PBXGroup;
			children = (
				B25F9D2D288BDA0D0051C126 /* TransparentAccountsViewer.app */,
			);
			name = Products;
			sourceTree = "<group>";
		};
		B25F9D2F288BDA0D0051C126 /* TransparentAccountsViewer */ = {
			isa = PBXGroup;
			children = (
				B2A68A5B288C6EAF0057C88F /* Scenes */,
				B25F9D3E288BE1C00051C126 /* Models */,
				B2A68A56288C36DF0057C88F /* Resources */,
				B25F9D36288BDA0E0051C126 /* Preview Content */,
			);
			path = TransparentAccountsViewer;
			sourceTree = "<group>";
		};
		B25F9D36288BDA0E0051C126 /* Preview Content */ = {
			isa = PBXGroup;
			children = (
				B25F9D37288BDA0E0051C126 /* Preview Assets.xcassets */,
			);
			path = "Preview Content";
			sourceTree = "<group>";
		};
		B25F9D3E288BE1C00051C126 /* Models */ = {
			isa = PBXGroup;
			children = (
				B25F9D3F288BE1FA0051C126 /* Accounts.swift */,
				B25F9D41288BE2140051C126 /* Account.swift */,
			);
			path = Models;
			sourceTree = "<group>";
		};
		B2A68A53288C36040057C88F /* ViewComponents */ = {
			isa = PBXGroup;
			children = (
				B2A68A54288C36750057C88F /* ServerStatusView.swift */,
			);
			path = ViewComponents;
			sourceTree = "<group>";
		};
		B2A68A56288C36DF0057C88F /* Resources */ = {
			isa = PBXGroup;
			children = (
				B2A68A62288C70160057C88F /* ServerUrls.swift */,
				B25F9D34288BDA0E0051C126 /* Assets.xcassets */,
			);
			path = Resources;
			sourceTree = "<group>";
		};
		B2A68A5B288C6EAF0057C88F /* Scenes */ = {
			isa = PBXGroup;
			children = (
				B25F9D30288BDA0D0051C126 /* TransparentAccountsViewerApp.swift */,
				B2A68A5E288C6F490057C88F /* BaseViewModel.swift */,
				B2A68A5C288C6EB60057C88F /* AccountList */,
				B2A68A5D288C6ED20057C88F /* AccountDetail */,
				B2A68A53288C36040057C88F /* ViewComponents */,
			);
			path = Scenes;
			sourceTree = "<group>";
		};
		B2A68A5C288C6EB60057C88F /* AccountList */ = {
			isa = PBXGroup;
			children = (
				B25F9D32288BDA0D0051C126 /* AccountListView.swift */,
				B25F9D43288BE44F0051C126 /* AccountViewModel.swift */,
			);
			path = AccountList;
			sourceTree = "<group>";
		};
		B2A68A5D288C6ED20057C88F /* AccountDetail */ = {
			isa = PBXGroup;
			children = (
				B2A68A57288C5F3F0057C88F /* AccountDetailView.swift */,
				B2A68A60288C6FCC0057C88F /* AccountDetailViewModel.swift */,
			);
			path = AccountDetail;
			sourceTree = "<group>";
		};
/* End PBXGroup section */

/* Begin PBXNativeTarget section */
		B25F9D2C288BDA0D0051C126 /* TransparentAccountsViewer */ = {
			isa = PBXNativeTarget;
			buildConfigurationList = B25F9D3B288BDA0E0051C126 /* Build configuration list for PBXNativeTarget "TransparentAccountsViewer" */;
			buildPhases = (
				B25F9D29288BDA0D0051C126 /* Sources */,
				B25F9D2A288BDA0D0051C126 /* Frameworks */,
				B25F9D2B288BDA0D0051C126 /* Resources */,
			);
			buildRules = (
			);
			dependencies = (
			);
			name = TransparentAccountsViewer;
			productName = TransparentAccountsViewer;
			productReference = B25F9D2D288BDA0D0051C126 /* TransparentAccountsViewer.app */;
			productType = "com.apple.product-type.application";
		};
/* End PBXNativeTarget section */

/* Begin PBXProject section */
		B25F9D25288BDA0C0051C126 /* Project object */ = {
			isa = PBXProject;
			attributes = {
				BuildIndependentTargetsInParallel = 1;
				LastSwiftUpdateCheck = 1340;
				LastUpgradeCheck = 1340;
				TargetAttributes = {
					B25F9D2C288BDA0D0051C126 = {
						CreatedOnToolsVersion = 13.4.1;
					};
				};
			};
			buildConfigurationList = B25F9D28288BDA0C0051C126 /* Build configuration list for PBXProject "TransparentAccountsViewer" */;
			compatibilityVersion = "Xcode 13.0";
			developmentRegion = en;
			hasScannedForEncodings = 0;
			knownRegions = (
				en,
				Base,
			);
			mainGroup = B25F9D24288BDA0C0051C126;
			productRefGroup = B25F9D2E288BDA0D0051C126 /* Products */;
			projectDirPath = "";
			projectRoot = "";
			targets = (
				B25F9D2C288BDA0D0051C126 /* TransparentAccountsViewer */,
			);
		};
/* End PBXProject section */

/* Begin PBXResourcesBuildPhase section */
		B25F9D2B288BDA0D0051C126 /* Resources */ = {
			isa = PBXResourcesBuildPhase;
			buildActionMask = 2147483647;
			files = (
				B25F9D38288BDA0E0051C126 /* Preview Assets.xcassets in Resources */,
				B25F9D35288BDA0E0051C126 /* Assets.xcassets in Resources */,
			);
			runOnlyForDeploymentPostprocessing = 0;
		};
/* End PBXResourcesBuildPhase section */

/* Begin PBXSourcesBuildPhase section */
		B25F9D29288BDA0D0051C126 /* Sources */ = {
			isa = PBXSourcesBuildPhase;
			buildActionMask = 2147483647;
			files = (
				B2A68A61288C6FCC0057C88F /* AccountDetailViewModel.swift in Sources */,
				B25F9D40288BE1FA0051C126 /* Accounts.swift in Sources */,
				B25F9D44288BE44F0051C126 /* AccountViewModel.swift in Sources */,
				B2A68A58288C5F3F0057C88F /* AccountDetailView.swift in Sources */,
				B2A68A63288C70160057C88F /* ServerUrls.swift in Sources */,
				B2A68A55288C36750057C88F /* ServerStatusView.swift in Sources */,
				B25F9D33288BDA0D0051C126 /* AccountListView.swift in Sources */,
				B2A68A5F288C6F490057C88F /* BaseViewModel.swift in Sources */,
				B25F9D31288BDA0D0051C126 /* TransparentAccountsViewerApp.swift in Sources */,
				B25F9D42288BE2140051C126 /* Account.swift in Sources */,
			);
			runOnlyForDeploymentPostprocessing = 0;
		};
/* End PBXSourcesBuildPhase section */

/* Begin XCBuildConfiguration section */
		B25F9D39288BDA0E0051C126 /* Debug */ = {
			isa = XCBuildConfiguration;
			buildSettings = {
				ALWAYS_SEARCH_USER_PATHS = NO;
				CLANG_ANALYZER_NONNULL = YES;
				CLANG_ANALYZER_NUMBER_OBJECT_CONVERSION = YES_AGGRESSIVE;
				CLANG_CXX_LANGUAGE_STANDARD = "gnu++17";
				CLANG_ENABLE_MODULES = YES;
				CLANG_ENABLE_OBJC_ARC = YES;
				CLANG_ENABLE_OBJC_WEAK = YES;
				CLANG_WARN_BLOCK_CAPTURE_AUTORELEASING = YES;
				CLANG_WARN_BOOL_CONVERSION = YES;
				CLANG_WARN_COMMA = YES;
				CLANG_WARN_CONSTANT_CONVERSION = YES;
				CLANG_WARN_DEPRECATED_OBJC_IMPLEMENTATIONS = YES;
				CLANG_WARN_DIRECT_OBJC_ISA_USAGE = YES_ERROR;
				CLANG_WARN_DOCUMENTATION_COMMENTS = YES;
				CLANG_WARN_EMPTY_BODY = YES;
				CLANG_WARN_ENUM_CONVERSION = YES;
				CLANG_WARN_INFINITE_RECURSION = YES;
				CLANG_WARN_INT_CONVERSION = YES;
				CLANG_WARN_NON_LITERAL_NULL_CONVERSION = YES;
				CLANG_WARN_OBJC_IMPLICIT_RETAIN_SELF = YES;
				CLANG_WARN_OBJC_LITERAL_CONVERSION = YES;
				CLANG_WARN_OBJC_ROOT_CLASS = YES_ERROR;
				CLANG_WARN_QUOTED_INCLUDE_IN_FRAMEWORK_HEADER = YES;
				CLANG_WARN_RANGE_LOOP_ANALYSIS = YES;
				CLANG_WARN_STRICT_PROTOTYPES = YES;
				CLANG_WARN_SUSPICIOUS_MOVE = YES;
				CLANG_WARN_UNGUARDED_AVAILABILITY = YES_AGGRESSIVE;
				CLANG_WARN_UNREACHABLE_CODE = YES;
				CLANG_WARN__DUPLICATE_METHOD_MATCH = YES;
				COPY_PHASE_STRIP = NO;
				DEBUG_INFORMATION_FORMAT = dwarf;
				ENABLE_STRICT_OBJC_MSGSEND = YES;
				ENABLE_TESTABILITY = YES;
				GCC_C_LANGUAGE_STANDARD = gnu11;
				GCC_DYNAMIC_NO_PIC = NO;
				GCC_NO_COMMON_BLOCKS = YES;
				GCC_OPTIMIZATION_LEVEL = 0;
				GCC_PREPROCESSOR_DEFINITIONS = (
					"DEBUG=1",
					"$(inherited)",
				);
				GCC_WARN_64_TO_32_BIT_CONVERSION = YES;
				GCC_WARN_ABOUT_RETURN_TYPE = YES_ERROR;
				GCC_WARN_UNDECLARED_SELECTOR = YES;
				GCC_WARN_UNINITIALIZED_AUTOS = YES_AGGRESSIVE;
				GCC_WARN_UNUSED_FUNCTION = YES;
				GCC_WARN_UNUSED_VARIABLE = YES;
				IPHONEOS_DEPLOYMENT_TARGET = 15.5;
				MTL_ENABLE_DEBUG_INFO = INCLUDE_SOURCE;
				MTL_FAST_MATH = YES;
				ONLY_ACTIVE_ARCH = YES;
				SDKROOT = iphoneos;
				SWIFT_ACTIVE_COMPILATION_CONDITIONS = DEBUG;
				SWIFT_OPTIMIZATION_LEVEL = "-Onone";
			};
			name = Debug;
		};
		B25F9D3A288BDA0E0051C126 /* Release */ = {
			isa = XCBuildConfiguration;
			buildSettings = {
				ALWAYS_SEARCH_USER_PATHS = NO;
				CLANG_ANALYZER_NONNULL = YES;
				CLANG_ANALYZER_NUMBER_OBJECT_CONVERSION = YES_AGGRESSIVE;
				CLANG_CXX_LANGUAGE_STANDARD = "gnu++17";
				CLANG_ENABLE_MODULES = YES;
				CLANG_ENABLE_OBJC_ARC = YES;
				CLANG_ENABLE_OBJC_WEAK = YES;
				CLANG_WARN_BLOCK_CAPTURE_AUTORELEASING = YES;
				CLANG_WARN_BOOL_CONVERSION = YES;
				CLANG_WARN_COMMA = YES;
				CLANG_WARN_CONSTANT_CONVERSION = YES;
				CLANG_WARN_DEPRECATED_OBJC_IMPLEMENTATIONS = YES;
				CLANG_WARN_DIRECT_OBJC_ISA_USAGE = YES_ERROR;
				CLANG_WARN_DOCUMENTATION_COMMENTS = YES;
				CLANG_WARN_EMPTY_BODY = YES;
				CLANG_WARN_ENUM_CONVERSION = YES;
				CLANG_WARN_INFINITE_RECURSION = YES;
				CLANG_WARN_INT_CONVERSION = YES;
				CLANG_WARN_NON_LITERAL_NULL_CONVERSION = YES;
				CLANG_WARN_OBJC_IMPLICIT_RETAIN_SELF = YES;
				CLANG_WARN_OBJC_LITERAL_CONVERSION = YES;
				CLANG_WARN_OBJC_ROOT_CLASS = YES_ERROR;
				CLANG_WARN_QUOTED_INCLUDE_IN_FRAMEWORK_HEADER = YES;
				CLANG_WARN_RANGE_LOOP_ANALYSIS = YES;
				CLANG_WARN_STRICT_PROTOTYPES = YES;
				CLANG_WARN_SUSPICIOUS_MOVE = YES;
				CLANG_WARN_UNGUARDED_AVAILABILITY = YES_AGGRESSIVE;
				CLANG_WARN_UNREACHABLE_CODE = YES;
				CLANG_WARN__DUPLICATE_METHOD_MATCH = YES;
				COPY_PHASE_STRIP = NO;
				DEBUG_INFORMATION_FORMAT = "dwarf-with-dsym";
				ENABLE_NS_ASSERTIONS = NO;
				ENABLE_STRICT_OBJC_MSGSEND = YES;
				GCC_C_LANGUAGE_STANDARD = gnu11;
				GCC_NO_COMMON_BLOCKS = YES;
				GCC_WARN_64_TO_32_BIT_CONVERSION = YES;
				GCC_WARN_ABOUT_RETURN_TYPE = YES_ERROR;
				GCC_WARN_UNDECLARED_SELECTOR = YES;
				GCC_WARN_UNINITIALIZED_AUTOS = YES_AGGRESSIVE;
				GCC_WARN_UNUSED_FUNCTION = YES;
				GCC_WARN_UNUSED_VARIABLE = YES;
				IPHONEOS_DEPLOYMENT_TARGET = 15.5;
				MTL_ENABLE_DEBUG_INFO = NO;
				MTL_FAST_MATH = YES;
				SDKROOT = iphoneos;
				SWIFT_COMPILATION_MODE = wholemodule;
				SWIFT_OPTIMIZATION_LEVEL = "-O";
				VALIDATE_PRODUCT = YES;
			};
			name = Release;
		};
		B25F9D3C288BDA0E0051C126 /* Debug */ = {
			isa = XCBuildConfiguration;
			buildSettings = {
				ASSETCATALOG_COMPILER_APPICON_NAME = AppIcon;
				ASSETCATALOG_COMPILER_GLOBAL_ACCENT_COLOR_NAME = AccentColor;
				CODE_SIGN_STYLE = Automatic;
				CURRENT_PROJECT_VERSION = 1;
				DEVELOPMENT_ASSET_PATHS = "\"TransparentAccountsViewer/Preview Content\"";
				DEVELOPMENT_TEAM = RL34KUMN9E;
				ENABLE_PREVIEWS = YES;
				GENERATE_INFOPLIST_FILE = YES;
				INFOPLIST_KEY_UIApplicationSceneManifest_Generation = YES;
				INFOPLIST_KEY_UIApplicationSupportsIndirectInputEvents = YES;
				INFOPLIST_KEY_UILaunchScreen_Generation = YES;
				INFOPLIST_KEY_UISupportedInterfaceOrientations_iPad = "UIInterfaceOrientationPortrait UIInterfaceOrientationPortraitUpsideDown UIInterfaceOrientationLandscapeLeft UIInterfaceOrientationLandscapeRight";
				INFOPLIST_KEY_UISupportedInterfaceOrientations_iPhone = "UIInterfaceOrientationPortrait UIInterfaceOrientationLandscapeLeft UIInterfaceOrientationLandscapeRight";
				LD_RUNPATH_SEARCH_PATHS = (
					"$(inherited)",
					"@executable_path/Frameworks",
				);
				MARKETING_VERSION = 1.0;
				PRODUCT_BUNDLE_IDENTIFIER = cz.antoniSoft.TransparentAccountsViewer;
				PRODUCT_NAME = "$(TARGET_NAME)";
				SWIFT_EMIT_LOC_STRINGS = YES;
				SWIFT_VERSION = 5.0;
				TARGETED_DEVICE_FAMILY = "1,2";
			};
			name = Debug;
		};
		B25F9D3D288BDA0E0051C126 /* Release */ = {
			isa = XCBuildConfiguration;
			buildSettings = {
				ASSETCATALOG_COMPILER_APPICON_NAME = AppIcon;
				ASSETCATALOG_COMPILER_GLOBAL_ACCENT_COLOR_NAME = AccentColor;
				CODE_SIGN_STYLE = Automatic;
				CURRENT_PROJECT_VERSION = 1;
				DEVELOPMENT_ASSET_PATHS = "\"TransparentAccountsViewer/Preview Content\"";
				DEVELOPMENT_TEAM = RL34KUMN9E;
				ENABLE_PREVIEWS = YES;
				GENERATE_INFOPLIST_FILE = YES;
				INFOPLIST_KEY_UIApplicationSceneManifest_Generation = YES;
				INFOPLIST_KEY_UIApplicationSupportsIndirectInputEvents = YES;
				INFOPLIST_KEY_UILaunchScreen_Generation = YES;
				INFOPLIST_KEY_UISupportedInterfaceOrientations_iPad = "UIInterfaceOrientationPortrait UIInterfaceOrientationPortraitUpsideDown UIInterfaceOrientationLandscapeLeft UIInterfaceOrientationLandscapeRight";
				INFOPLIST_KEY_UISupportedInterfaceOrientations_iPhone = "UIInterfaceOrientationPortrait UIInterfaceOrientationLandscapeLeft UIInterfaceOrientationLandscapeRight";
				LD_RUNPATH_SEARCH_PATHS = (
					"$(inherited)",
					"@executable_path/Frameworks",
				);
				MARKETING_VERSION = 1.0;
				PRODUCT_BUNDLE_IDENTIFIER = cz.antoniSoft.TransparentAccountsViewer;
				PRODUCT_NAME = "$(TARGET_NAME)";
				SWIFT_EMIT_LOC_STRINGS = YES;
				SWIFT_VERSION = 5.0;
				TARGETED_DEVICE_FAMILY = "1,2";
			};
			name = Release;
		};
/* End XCBuildConfiguration section */

/* Begin XCConfigurationList section */
		B25F9D28288BDA0C0051C126 /* Build configuration list for PBXProject "TransparentAccountsViewer" */ = {
			isa = XCConfigurationList;
			buildConfigurations = (
				B25F9D39288BDA0E0051C126 /* Debug */,
				B25F9D3A288BDA0E0051C126 /* Release */,
			);
			defaultConfigurationIsVisible = 0;
			defaultConfigurationName = Release;
		};
		B25F9D3B288BDA0E0051C126 /* Build configuration list for PBXNativeTarget "TransparentAccountsViewer" */ = {
			isa = XCConfigurationList;
			buildConfigurations = (
				B25F9D3C288BDA0E0051C126 /* Debug */,
				B25F9D3D288BDA0E0051C126 /* Release */,
			);
			defaultConfigurationIsVisible = 0;
			defaultConfigurationName = Release;
		};
/* End XCConfigurationList section */
	};
	rootObject = B25F9D25288BDA0C0051C126 /* Project object */;
}
